
Microsoft Visual Studio Solution File, Format Version 12.00
# Visual Studio 15
VisualStudioVersion = 15.0.28307.902
MinimumVisualStudioVersion = 10.0.40219.1
Project("{9A19103F-16F7-4668-BE54-9A1E7A4F7556}") = "BooksLibrary", "BooksLibrary.csproj", "{7B15BF93-3691-433A-B39D-99F80DB13580}"
EndProject
Global
	GlobalSection(SolutionConfigurationPlatforms) = preSolution
		Debug|Any CPU = Debug|Any CPU
		Release|Any CPU = Release|Any CPU
	EndGlobalSection
	GlobalSection(ProjectConfigurationPlatforms) = postSolution
		{7B15BF93-3691-433A-B39D-99F80DB13580}.Debug|Any CPU.ActiveCfg = Debug|Any CPU
		{7B15BF93-3691-433A-B39D-99F80DB13580}.Debug|Any CPU.Build.0 = Debug|Any CPU
		{7B15BF93-3691-433A-B39D-99F80DB13580}.Release|Any CPU.ActiveCfg = Release|Any CPU
		{7B15BF93-3691-433A-B39D-99F80DB13580}.Release|Any CPU.Build.0 = Release|Any CPU
	EndGlobalSection
	GlobalSection(SolutionProperties) = preSolution
		HideSolutionNode = FALSE
	EndGlobalSection
	GlobalSection(ExtensibilityGlobals) = postSolution
		SolutionGuid = {54DD51B5-56B8-4B32-88F5-FB222EE0DEF7}
	EndGlobalSection
EndGlobal
